// !$*UTF8*$!
{
	archiveVersion = 1;
	classes = {
	};
	objectVersion = 56;
	objects = {

/* Begin PBXBuildFile section */
		363DAF5C2A7F83EE005E34EA /* CheckCell.swift in Sources */ = {isa = PBXBuildFile; fileRef = 363DAF5B2A7F83EE005E34EA /* CheckCell.swift */; };
		36B7E1952994244900F397A0 /* AppDelegate.swift in Sources */ = {isa = PBXBuildFile; fileRef = 36B7E1942994244900F397A0 /* AppDelegate.swift */; };
		36B7E1972994244900F397A0 /* SceneDelegate.swift in Sources */ = {isa = PBXBuildFile; fileRef = 36B7E1962994244900F397A0 /* SceneDelegate.swift */; };
		36B7E1992994244900F397A0 /* ViewController.swift in Sources */ = {isa = PBXBuildFile; fileRef = 36B7E1982994244900F397A0 /* ViewController.swift */; };
		36B7E19C2994244900F397A0 /* Main.storyboard in Resources */ = {isa = PBXBuildFile; fileRef = 36B7E19A2994244900F397A0 /* Main.storyboard */; };
		36B7E19E2994244A00F397A0 /* Assets.xcassets in Resources */ = {isa = PBXBuildFile; fileRef = 36B7E19D2994244A00F397A0 /* Assets.xcassets */; };
		36B7E1A12994244A00F397A0 /* LaunchScreen.storyboard in Resources */ = {isa = PBXBuildFile; fileRef = 36B7E19F2994244A00F397A0 /* LaunchScreen.storyboard */; };
		36B7E1AC2994246800F397A0 /* NetTesterLib in Frameworks */ = {isa = PBXBuildFile; productRef = 36B7E1AB2994246800F397A0 /* NetTesterLib */; };
/* End PBXBuildFile section */

/* Begin PBXFileReference section */
		363DAF5B2A7F83EE005E34EA /* CheckCell.swift */ = {isa = PBXFileReference; lastKnownFileType = sourcecode.swift; path = CheckCell.swift; sourceTree = "<group>"; };
		36B7E1912994244900F397A0 /* NetTesterApp.app */ = {isa = PBXFileReference; explicitFileType = wrapper.application; includeInIndex = 0; path = NetTesterApp.app; sourceTree = BUILT_PRODUCTS_DIR; };
		36B7E1942994244900F397A0 /* AppDelegate.swift */ = {isa = PBXFileReference; lastKnownFileType = sourcecode.swift; path = AppDelegate.swift; sourceTree = "<group>"; };
		36B7E1962994244900F397A0 /* SceneDelegate.swift */ = {isa = PBXFileReference; lastKnownFileType = sourcecode.swift; path = SceneDelegate.swift; sourceTree = "<group>"; };
		36B7E1982994244900F397A0 /* ViewController.swift */ = {isa = PBXFileReference; lastKnownFileType = sourcecode.swift; path = ViewController.swift; sourceTree = "<group>"; };
		36B7E19B2994244900F397A0 /* Base */ = {isa = PBXFileReference; lastKnownFileType = file.storyboard; name = Base; path = Base.lproj/Main.storyboard; sourceTree = "<group>"; };
		36B7E19D2994244A00F397A0 /* Assets.xcassets */ = {isa = PBXFileReference; lastKnownFileType = folder.assetcatalog; path = Assets.xcassets; sourceTree = "<group>"; };
		36B7E1A02994244A00F397A0 /* Base */ = {isa = PBXFileReference; lastKnownFileType = file.storyboard; name = Base; path = Base.lproj/LaunchScreen.storyboard; sourceTree = "<group>"; };
		36B7E1A22994244A00F397A0 /* Info.plist */ = {isa = PBXFileReference; lastKnownFileType = text.plist.xml; path = Info.plist; sourceTree = "<group>"; };
		36B7E1A92994245F00F397A0 /* network_tester */ = {isa = PBXFileReference; lastKnownFileType = wrapper; name = network_tester; path = ../..; sourceTree = "<group>"; };
/* End PBXFileReference section */

/* Begin PBXFrameworksBuildPhase section */
		36B7E18E2994244900F397A0 /* Frameworks */ = {
			isa = PBXFrameworksBuildPhase;
			buildActionMask = 2147483647;
			files = (
				36B7E1AC2994246800F397A0 /* NetTesterLib in Frameworks */,
			);
			runOnlyForDeploymentPostprocessing = 0;
		};
/* End PBXFrameworksBuildPhase section */

/* Begin PBXGroup section */
		36B7E1882994244900F397A0 = {
			isa = PBXGroup;
			children = (
				36B7E1A82994245F00F397A0 /* Packages */,
				36B7E1932994244900F397A0 /* NetTesterApp */,
				36B7E1922994244900F397A0 /* Products */,
				36B7E1AA2994246800F397A0 /* Frameworks */,
			);
			sourceTree = "<group>";
		};
		36B7E1922994244900F397A0 /* Products */ = {
			isa = PBXGroup;
			children = (
				36B7E1912994244900F397A0 /* NetTesterApp.app */,
			);
			name = Products;
			sourceTree = "<group>";
		};
		36B7E1932994244900F397A0 /* NetTesterApp */ = {
			isa = PBXGroup;
			children = (
				36B7E1942994244900F397A0 /* AppDelegate.swift */,
				36B7E1962994244900F397A0 /* SceneDelegate.swift */,
				36B7E1982994244900F397A0 /* ViewController.swift */,
				36B7E19A2994244900F397A0 /* Main.storyboard */,
				36B7E19D2994244A00F397A0 /* Assets.xcassets */,
				36B7E19F2994244A00F397A0 /* LaunchScreen.storyboard */,
				36B7E1A22994244A00F397A0 /* Info.plist */,
				363DAF5B2A7F83EE005E34EA /* CheckCell.swift */,
			);
			path = NetTesterApp;
			sourceTree = "<group>";
		};
		36B7E1A82994245F00F397A0 /* Packages */ = {
			isa = PBXGroup;
			children = (
				36B7E1A92994245F00F397A0 /* network_tester */,
			);
			name = Packages;
			sourceTree = "<group>";
		};
		36B7E1AA2994246800F397A0 /* Frameworks */ = {
			isa = PBXGroup;
			children = (
			);
			name = Frameworks;
			sourceTree = "<group>";
		};
/* End PBXGroup section */

/* Begin PBXNativeTarget section */
		36B7E1902994244900F397A0 /* NetTesterApp */ = {
			isa = PBXNativeTarget;
			buildConfigurationList = 36B7E1A52994244A00F397A0 /* Build configuration list for PBXNativeTarget "NetTesterApp" */;
			buildPhases = (
				36B7E18D2994244900F397A0 /* Sources */,
				36B7E18E2994244900F397A0 /* Frameworks */,
				36B7E18F2994244900F397A0 /* Resources */,
			);
			buildRules = (
			);
			dependencies = (
			);
			name = NetTesterApp;
			packageProductDependencies = (
				36B7E1AB2994246800F397A0 /* NetTesterLib */,
			);
			productName = NetTesterApp;
			productReference = 36B7E1912994244900F397A0 /* NetTesterApp.app */;
			productType = "com.apple.product-type.application";
		};
/* End PBXNativeTarget section */

/* Begin PBXProject section */
		36B7E1892994244900F397A0 /* Project object */ = {
			isa = PBXProject;
			attributes = {
				BuildIndependentTargetsInParallel = 1;
				LastSwiftUpdateCheck = 1410;
				LastUpgradeCheck = 1410;
				TargetAttributes = {
					36B7E1902994244900F397A0 = {
						CreatedOnToolsVersion = 14.1;
					};
				};
			};
			buildConfigurationList = 36B7E18C2994244900F397A0 /* Build configuration list for PBXProject "NetTesterApp" */;
			compatibilityVersion = "Xcode 14.0";
			developmentRegion = en;
			hasScannedForEncodings = 0;
			knownRegions = (
				en,
				Base,
			);
			mainGroup = 36B7E1882994244900F397A0;
			productRefGroup = 36B7E1922994244900F397A0 /* Products */;
			projectDirPath = "";
			projectRoot = "";
			targets = (
				36B7E1902994244900F397A0 /* NetTesterApp */,
			);
		};
/* End PBXProject section */

/* Begin PBXResourcesBuildPhase section */
		36B7E18F2994244900F397A0 /* Resources */ = {
			isa = PBXResourcesBuildPhase;
			buildActionMask = 2147483647;
			files = (
				36B7E1A12994244A00F397A0 /* LaunchScreen.storyboard in Resources */,
				36B7E19E2994244A00F397A0 /* Assets.xcassets in Resources */,
				36B7E19C2994244900F397A0 /* Main.storyboard in Resources */,
			);
			runOnlyForDeploymentPostprocessing = 0;
		};
/* End PBXResourcesBuildPhase section */

/* Begin PBXSourcesBuildPhase section */
		36B7E18D2994244900F397A0 /* Sources */ = {
			isa = PBXSourcesBuildPhase;
			buildActionMask = 2147483647;
			files = (
				363DAF5C2A7F83EE005E34EA /* CheckCell.swift in Sources */,
				36B7E1992994244900F397A0 /* ViewController.swift in Sources */,
				36B7E1952994244900F397A0 /* AppDelegate.swift in Sources */,
				36B7E1972994244900F397A0 /* SceneDelegate.swift in Sources */,
			);
			runOnlyForDeploymentPostprocessing = 0;
		};
/* End PBXSourcesBuildPhase section */

/* Begin PBXVariantGroup section */
		36B7E19A2994244900F397A0 /* Main.storyboard */ = {
			isa = PBXVariantGroup;
			children = (
				36B7E19B2994244900F397A0 /* Base */,
			);
			name = Main.storyboard;
			sourceTree = "<group>";
		};
		36B7E19F2994244A00F397A0 /* LaunchScreen.storyboard */ = {
			isa = PBXVariantGroup;
			children = (
				36B7E1A02994244A00F397A0 /* Base */,
			);
			name = LaunchScreen.storyboard;
			sourceTree = "<group>";
		};
/* End PBXVariantGroup section */

/* Begin XCBuildConfiguration section */
		36B7E1A32994244A00F397A0 /* Debug */ = {
			isa = XCBuildConfiguration;
			buildSettings = {
				ALWAYS_SEARCH_USER_PATHS = NO;
				CLANG_ANALYZER_NONNULL = YES;
				CLANG_ANALYZER_NUMBER_OBJECT_CONVERSION = YES_AGGRESSIVE;
				CLANG_CXX_LANGUAGE_STANDARD = "gnu++20";
				CLANG_ENABLE_MODULES = YES;
				CLANG_ENABLE_OBJC_ARC = YES;
				CLANG_ENABLE_OBJC_WEAK = YES;
				CLANG_WARN_BLOCK_CAPTURE_AUTORELEASING = YES;
				CLANG_WARN_BOOL_CONVERSION = YES;
				CLANG_WARN_COMMA = YES;
				CLANG_WARN_CONSTANT_CONVERSION = YES;
				CLANG_WARN_DEPRECATED_OBJC_IMPLEMENTATIONS = YES;
				CLANG_WARN_DIRECT_OBJC_ISA_USAGE = YES_ERROR;
				CLANG_WARN_DOCUMENTATION_COMMENTS = YES;
				CLANG_WARN_EMPTY_BODY = YES;
				CLANG_WARN_ENUM_CONVERSION = YES;
				CLANG_WARN_INFINITE_RECURSION = YES;
				CLANG_WARN_INT_CONVERSION = YES;
				CLANG_WARN_NON_LITERAL_NULL_CONVERSION = YES;
				CLANG_WARN_OBJC_IMPLICIT_RETAIN_SELF = YES;
				CLANG_WARN_OBJC_LITERAL_CONVERSION = YES;
				CLANG_WARN_OBJC_ROOT_CLASS = YES_ERROR;
				CLANG_WARN_QUOTED_INCLUDE_IN_FRAMEWORK_HEADER = YES;
				CLANG_WARN_RANGE_LOOP_ANALYSIS = YES;
				CLANG_WARN_STRICT_PROTOTYPES = YES;
				CLANG_WARN_SUSPICIOUS_MOVE = YES;
				CLANG_WARN_UNGUARDED_AVAILABILITY = YES_AGGRESSIVE;
				CLANG_WARN_UNREACHABLE_CODE = YES;
				CLANG_WARN__DUPLICATE_METHOD_MATCH = YES;
				COPY_PHASE_STRIP = NO;
				DEBUG_INFORMATION_FORMAT = dwarf;
				ENABLE_STRICT_OBJC_MSGSEND = YES;
				ENABLE_TESTABILITY = YES;
				GCC_C_LANGUAGE_STANDARD = gnu11;
				GCC_DYNAMIC_NO_PIC = NO;
				GCC_NO_COMMON_BLOCKS = YES;
				GCC_OPTIMIZATION_LEVEL = 0;
				GCC_PREPROCESSOR_DEFINITIONS = (
					"DEBUG=1",
					"$(inherited)",
				);
				GCC_WARN_64_TO_32_BIT_CONVERSION = YES;
				GCC_WARN_ABOUT_RETURN_TYPE = YES_ERROR;
				GCC_WARN_UNDECLARED_SELECTOR = YES;
				GCC_WARN_UNINITIALIZED_AUTOS = YES_AGGRESSIVE;
				GCC_WARN_UNUSED_FUNCTION = YES;
				GCC_WARN_UNUSED_VARIABLE = YES;
				IPHONEOS_DEPLOYMENT_TARGET = 16.1;
				MTL_ENABLE_DEBUG_INFO = INCLUDE_SOURCE;
				MTL_FAST_MATH = YES;
				ONLY_ACTIVE_ARCH = YES;
				SDKROOT = iphoneos;
				SWIFT_ACTIVE_COMPILATION_CONDITIONS = DEBUG;
				SWIFT_OPTIMIZATION_LEVEL = "-Onone";
			};
			name = Debug;
		};
		36B7E1A42994244A00F397A0 /* Release */ = {
			isa = XCBuildConfiguration;
			buildSettings = {
				ALWAYS_SEARCH_USER_PATHS = NO;
				CLANG_ANALYZER_NONNULL = YES;
				CLANG_ANALYZER_NUMBER_OBJECT_CONVERSION = YES_AGGRESSIVE;
				CLANG_CXX_LANGUAGE_STANDARD = "gnu++20";
				CLANG_ENABLE_MODULES = YES;
				CLANG_ENABLE_OBJC_ARC = YES;
				CLANG_ENABLE_OBJC_WEAK = YES;
				CLANG_WARN_BLOCK_CAPTURE_AUTORELEASING = YES;
				CLANG_WARN_BOOL_CONVERSION = YES;
				CLANG_WARN_COMMA = YES;
				CLANG_WARN_CONSTANT_CONVERSION = YES;
				CLANG_WARN_DEPRECATED_OBJC_IMPLEMENTATIONS = YES;
				CLANG_WARN_DIRECT_OBJC_ISA_USAGE = YES_ERROR;
				CLANG_WARN_DOCUMENTATION_COMMENTS = YES;
				CLANG_WARN_EMPTY_BODY = YES;
				CLANG_WARN_ENUM_CONVERSION = YES;
				CLANG_WARN_INFINITE_RECURSION = YES;
				CLANG_WARN_INT_CONVERSION = YES;
				CLANG_WARN_NON_LITERAL_NULL_CONVERSION = YES;
				CLANG_WARN_OBJC_IMPLICIT_RETAIN_SELF = YES;
				CLANG_WARN_OBJC_LITERAL_CONVERSION = YES;
				CLANG_WARN_OBJC_ROOT_CLASS = YES_ERROR;
				CLANG_WARN_QUOTED_INCLUDE_IN_FRAMEWORK_HEADER = YES;
				CLANG_WARN_RANGE_LOOP_ANALYSIS = YES;
				CLANG_WARN_STRICT_PROTOTYPES = YES;
				CLANG_WARN_SUSPICIOUS_MOVE = YES;
				CLANG_WARN_UNGUARDED_AVAILABILITY = YES_AGGRESSIVE;
				CLANG_WARN_UNREACHABLE_CODE = YES;
				CLANG_WARN__DUPLICATE_METHOD_MATCH = YES;
				COPY_PHASE_STRIP = NO;
				DEBUG_INFORMATION_FORMAT = "dwarf-with-dsym";
				ENABLE_NS_ASSERTIONS = NO;
				ENABLE_STRICT_OBJC_MSGSEND = YES;
				GCC_C_LANGUAGE_STANDARD = gnu11;
				GCC_NO_COMMON_BLOCKS = YES;
				GCC_WARN_64_TO_32_BIT_CONVERSION = YES;
				GCC_WARN_ABOUT_RETURN_TYPE = YES_ERROR;
				GCC_WARN_UNDECLARED_SELECTOR = YES;
				GCC_WARN_UNINITIALIZED_AUTOS = YES_AGGRESSIVE;
				GCC_WARN_UNUSED_FUNCTION = YES;
				GCC_WARN_UNUSED_VARIABLE = YES;
				IPHONEOS_DEPLOYMENT_TARGET = 16.1;
				MTL_ENABLE_DEBUG_INFO = NO;
				MTL_FAST_MATH = YES;
				SDKROOT = iphoneos;
				SWIFT_COMPILATION_MODE = wholemodule;
				SWIFT_OPTIMIZATION_LEVEL = "-O";
				VALIDATE_PRODUCT = YES;
			};
			name = Release;
		};
		36B7E1A62994244A00F397A0 /* Debug */ = {
			isa = XCBuildConfiguration;
			buildSettings = {
				ASSETCATALOG_COMPILER_APPICON_NAME = AppIcon;
				ASSETCATALOG_COMPILER_GLOBAL_ACCENT_COLOR_NAME = AccentColor;
				CODE_SIGN_STYLE = Automatic;
				CURRENT_PROJECT_VERSION = 1;
				DEVELOPMENT_TEAM = 32V428TQMV;
				GENERATE_INFOPLIST_FILE = YES;
				INFOPLIST_FILE = NetTesterApp/Info.plist;
				INFOPLIST_KEY_UIApplicationSupportsIndirectInputEvents = YES;
				INFOPLIST_KEY_UILaunchStoryboardName = LaunchScreen;
				INFOPLIST_KEY_UIMainStoryboardFile = Main;
				INFOPLIST_KEY_UISupportedInterfaceOrientations_iPad = "UIInterfaceOrientationPortrait UIInterfaceOrientationPortraitUpsideDown UIInterfaceOrientationLandscapeLeft UIInterfaceOrientationLandscapeRight";
				INFOPLIST_KEY_UISupportedInterfaceOrientations_iPhone = "UIInterfaceOrientationPortrait UIInterfaceOrientationLandscapeLeft UIInterfaceOrientationLandscapeRight";
				LD_RUNPATH_SEARCH_PATHS = (
					"$(inherited)",
					"@executable_path/Frameworks",
				);
				MARKETING_VERSION = 1.0;
				PRODUCT_BUNDLE_IDENTIFIER = ru.redetection.networktester.NetTesterApp;
				PRODUCT_NAME = "$(TARGET_NAME)";
				SWIFT_EMIT_LOC_STRINGS = YES;
				SWIFT_VERSION = 5.0;
				TARGETED_DEVICE_FAMILY = "1,2";
			};
			name = Debug;
		};
		36B7E1A72994244A00F397A0 /* Release */ = {
			isa = XCBuildConfiguration;
			buildSettings = {
				ASSETCATALOG_COMPILER_APPICON_NAME = AppIcon;
				ASSETCATALOG_COMPILER_GLOBAL_ACCENT_COLOR_NAME = AccentColor;
				CODE_SIGN_STYLE = Automatic;
				CURRENT_PROJECT_VERSION = 1;
				DEVELOPMENT_TEAM = 32V428TQMV;
				GENERATE_INFOPLIST_FILE = YES;
				INFOPLIST_FILE = NetTesterApp/Info.plist;
				INFOPLIST_KEY_UIApplicationSupportsIndirectInputEvents = YES;
				INFOPLIST_KEY_UILaunchStoryboardName = LaunchScreen;
				INFOPLIST_KEY_UIMainStoryboardFile = Main;
				INFOPLIST_KEY_UISupportedInterfaceOrientations_iPad = "UIInterfaceOrientationPortrait UIInterfaceOrientationPortraitUpsideDown UIInterfaceOrientationLandscapeLeft UIInterfaceOrientationLandscapeRight";
				INFOPLIST_KEY_UISupportedInterfaceOrientations_iPhone = "UIInterfaceOrientationPortrait UIInterfaceOrientationLandscapeLeft UIInterfaceOrientationLandscapeRight";
				LD_RUNPATH_SEARCH_PATHS = (
					"$(inherited)",
					"@executable_path/Frameworks",
				);
				MARKETING_VERSION = 1.0;
				PRODUCT_BUNDLE_IDENTIFIER = ru.redetection.networktester.NetTesterApp;
				PRODUCT_NAME = "$(TARGET_NAME)";
				SWIFT_EMIT_LOC_STRINGS = YES;
				SWIFT_VERSION = 5.0;
				TARGETED_DEVICE_FAMILY = "1,2";
			};
			name = Release;
		};
/* End XCBuildConfiguration section */

/* Begin XCConfigurationList section */
		36B7E18C2994244900F397A0 /* Build configuration list for PBXProject "NetTesterApp" */ = {
			isa = XCConfigurationList;
			buildConfigurations = (
				36B7E1A32994244A00F397A0 /* Debug */,
				36B7E1A42994244A00F397A0 /* Release */,
			);
			defaultConfigurationIsVisible = 0;
			defaultConfigurationName = Release;
		};
		36B7E1A52994244A00F397A0 /* Build configuration list for PBXNativeTarget "NetTesterApp" */ = {
			isa = XCConfigurationList;
			buildConfigurations = (
				36B7E1A62994244A00F397A0 /* Debug */,
				36B7E1A72994244A00F397A0 /* Release */,
			);
			defaultConfigurationIsVisible = 0;
			defaultConfigurationName = Release;
		};
/* End XCConfigurationList section */

/* Begin XCSwiftPackageProductDependency section */
		36B7E1AB2994246800F397A0 /* NetTesterLib */ = {
			isa = XCSwiftPackageProductDependency;
			productName = NetTesterLib;
		};
/* End XCSwiftPackageProductDependency section */
	};
	rootObject = 36B7E1892994244900F397A0 /* Project object */;
}
