{
  "object": {
    "pins": [
      {
        "package": "swift-async-dns-resolver",
        "repositoryURL": "https://github.com/apple/swift-async-dns-resolver",
        "state": {
          "branch": null,
          "revision": "08c07ff31a745ee5e522ac10132fb4949834d925",
          "version": "0.4.0"
        }
      },
      {
        "package": "SwiftTUI",
        "repositoryURL": "https://github.com/rensbreur/SwiftTUI",
        "state": {
          "branch": "main",
          "revision": "537133031bc2b2731048d00748c69700e1b48185",
          "version": null
        }
      }
    ]
  },
  "version": 1
}
